// !$*UTF8*$!
{
	archiveVersion = 1;
	classes = {
	};
	objectVersion = 55;
	objects = {

/* Begin PBXBuildFile section */
		9334833C2801E12900EA2722 /* kittengachaApp.swift in Sources */ = {isa = PBXBuildFile; fileRef = 9334833B2801E12900EA2722 /* kittengachaApp.swift */; };
		9334833E2801E12900EA2722 /* ContentView.swift in Sources */ = {isa = PBXBuildFile; fileRef = 9334833D2801E12900EA2722 /* ContentView.swift */; };
		933483402801E12B00EA2722 /* Assets.xcassets in Resources */ = {isa = PBXBuildFile; fileRef = 9334833F2801E12B00EA2722 /* Assets.xcassets */; };
		933483432801E12B00EA2722 /* Preview Assets.xcassets in Resources */ = {isa = PBXBuildFile; fileRef = 933483422801E12B00EA2722 /* Preview Assets.xcassets */; };
		9334834D2801E12C00EA2722 /* kittengachaTests.swift in Sources */ = {isa = PBXBuildFile; fileRef = 9334834C2801E12C00EA2722 /* kittengachaTests.swift */; };
		933483572801E12C00EA2722 /* kittengachaUITests.swift in Sources */ = {isa = PBXBuildFile; fileRef = 933483562801E12C00EA2722 /* kittengachaUITests.swift */; };
		933483592801E12C00EA2722 /* kittengachaUITestsLaunchTests.swift in Sources */ = {isa = PBXBuildFile; fileRef = 933483582801E12C00EA2722 /* kittengachaUITestsLaunchTests.swift */; };
		9334836D280206C800EA2722 /* LocationManager.swift in Sources */ = {isa = PBXBuildFile; fileRef = 9334836C280206C800EA2722 /* LocationManager.swift */; };
		C0ABE50D2802189700DFC35F /* Cats.swift in Sources */ = {isa = PBXBuildFile; fileRef = C0ABE50C2802189700DFC35F /* Cats.swift */; };
/* End PBXBuildFile section */

/* Begin PBXContainerItemProxy section */
		933483492801E12C00EA2722 /* PBXContainerItemProxy */ = {
			isa = PBXContainerItemProxy;
			containerPortal = 933483302801E12900EA2722 /* Project object */;
			proxyType = 1;
			remoteGlobalIDString = 933483372801E12900EA2722;
			remoteInfo = kittengacha;
		};
		933483532801E12C00EA2722 /* PBXContainerItemProxy */ = {
			isa = PBXContainerItemProxy;
			containerPortal = 933483302801E12900EA2722 /* Project object */;
			proxyType = 1;
			remoteGlobalIDString = 933483372801E12900EA2722;
			remoteInfo = kittengacha;
		};
/* End PBXContainerItemProxy section */

/* Begin PBXFileReference section */
		933483382801E12900EA2722 /* kittengacha.app */ = {isa = PBXFileReference; explicitFileType = wrapper.application; includeInIndex = 0; path = kittengacha.app; sourceTree = BUILT_PRODUCTS_DIR; };
		9334833B2801E12900EA2722 /* kittengachaApp.swift */ = {isa = PBXFileReference; lastKnownFileType = sourcecode.swift; path = kittengachaApp.swift; sourceTree = "<group>"; };
		9334833D2801E12900EA2722 /* ContentView.swift */ = {isa = PBXFileReference; lastKnownFileType = sourcecode.swift; path = ContentView.swift; sourceTree = "<group>"; };
		9334833F2801E12B00EA2722 /* Assets.xcassets */ = {isa = PBXFileReference; lastKnownFileType = folder.assetcatalog; path = Assets.xcassets; sourceTree = "<group>"; };
		933483422801E12B00EA2722 /* Preview Assets.xcassets */ = {isa = PBXFileReference; lastKnownFileType = folder.assetcatalog; path = "Preview Assets.xcassets"; sourceTree = "<group>"; };
		933483482801E12C00EA2722 /* kittengachaTests.xctest */ = {isa = PBXFileReference; explicitFileType = wrapper.cfbundle; includeInIndex = 0; path = kittengachaTests.xctest; sourceTree = BUILT_PRODUCTS_DIR; };
		9334834C2801E12C00EA2722 /* kittengachaTests.swift */ = {isa = PBXFileReference; lastKnownFileType = sourcecode.swift; path = kittengachaTests.swift; sourceTree = "<group>"; };
		933483522801E12C00EA2722 /* kittengachaUITests.xctest */ = {isa = PBXFileReference; explicitFileType = wrapper.cfbundle; includeInIndex = 0; path = kittengachaUITests.xctest; sourceTree = BUILT_PRODUCTS_DIR; };
		933483562801E12C00EA2722 /* kittengachaUITests.swift */ = {isa = PBXFileReference; lastKnownFileType = sourcecode.swift; path = kittengachaUITests.swift; sourceTree = "<group>"; };
		933483582801E12C00EA2722 /* kittengachaUITestsLaunchTests.swift */ = {isa = PBXFileReference; lastKnownFileType = sourcecode.swift; path = kittengachaUITestsLaunchTests.swift; sourceTree = "<group>"; };
		9334836C280206C800EA2722 /* LocationManager.swift */ = {isa = PBXFileReference; lastKnownFileType = sourcecode.swift; path = LocationManager.swift; sourceTree = "<group>"; };
		C0ABE50C2802189700DFC35F /* Cats.swift */ = {isa = PBXFileReference; lastKnownFileType = sourcecode.swift; path = Cats.swift; sourceTree = "<group>"; };
/* End PBXFileReference section */

/* Begin PBXFrameworksBuildPhase section */
		933483352801E12900EA2722 /* Frameworks */ = {
			isa = PBXFrameworksBuildPhase;
			buildActionMask = 2147483647;
			files = (
			);
			runOnlyForDeploymentPostprocessing = 0;
		};
		933483452801E12C00EA2722 /* Frameworks */ = {
			isa = PBXFrameworksBuildPhase;
			buildActionMask = 2147483647;
			files = (
			);
			runOnlyForDeploymentPostprocessing = 0;
		};
		9334834F2801E12C00EA2722 /* Frameworks */ = {
			isa = PBXFrameworksBuildPhase;
			buildActionMask = 2147483647;
			files = (
			);
			runOnlyForDeploymentPostprocessing = 0;
		};
/* End PBXFrameworksBuildPhase section */

/* Begin PBXGroup section */
		9334832F2801E12900EA2722 = {
			isa = PBXGroup;
			children = (
				9334833A2801E12900EA2722 /* kittengacha */,
				9334834B2801E12C00EA2722 /* kittengachaTests */,
				933483552801E12C00EA2722 /* kittengachaUITests */,
				933483392801E12900EA2722 /* Products */,
			);
			sourceTree = "<group>";
		};
		933483392801E12900EA2722 /* Products */ = {
			isa = PBXGroup;
			children = (
				933483382801E12900EA2722 /* kittengacha.app */,
				933483482801E12C00EA2722 /* kittengachaTests.xctest */,
				933483522801E12C00EA2722 /* kittengachaUITests.xctest */,
			);
			name = Products;
			sourceTree = "<group>";
		};
		9334833A2801E12900EA2722 /* kittengacha */ = {
			isa = PBXGroup;
			children = (
				9334833B2801E12900EA2722 /* kittengachaApp.swift */,
				9334836C280206C800EA2722 /* LocationManager.swift */,
				C0ABE50C2802189700DFC35F /* Cats.swift */,
				9334833D2801E12900EA2722 /* ContentView.swift */,
				9334833F2801E12B00EA2722 /* Assets.xcassets */,
				933483412801E12B00EA2722 /* Preview Content */,
			);
			path = kittengacha;
			sourceTree = "<group>";
		};
		933483412801E12B00EA2722 /* Preview Content */ = {
			isa = PBXGroup;
			children = (
				933483422801E12B00EA2722 /* Preview Assets.xcassets */,
			);
			path = "Preview Content";
			sourceTree = "<group>";
		};
		9334834B2801E12C00EA2722 /* kittengachaTests */ = {
			isa = PBXGroup;
			children = (
				9334834C2801E12C00EA2722 /* kittengachaTests.swift */,
			);
			path = kittengachaTests;
			sourceTree = "<group>";
		};
		933483552801E12C00EA2722 /* kittengachaUITests */ = {
			isa = PBXGroup;
			children = (
				933483562801E12C00EA2722 /* kittengachaUITests.swift */,
				933483582801E12C00EA2722 /* kittengachaUITestsLaunchTests.swift */,
			);
			path = kittengachaUITests;
			sourceTree = "<group>";
		};
/* End PBXGroup section */

/* Begin PBXNativeTarget section */
		933483372801E12900EA2722 /* kittengacha */ = {
			isa = PBXNativeTarget;
			buildConfigurationList = 9334835C2801E12C00EA2722 /* Build configuration list for PBXNativeTarget "kittengacha" */;
			buildPhases = (
				933483342801E12900EA2722 /* Sources */,
				933483352801E12900EA2722 /* Frameworks */,
				933483362801E12900EA2722 /* Resources */,
			);
			buildRules = (
			);
			dependencies = (
			);
			name = kittengacha;
			productName = kittengacha;
			productReference = 933483382801E12900EA2722 /* kittengacha.app */;
			productType = "com.apple.product-type.application";
		};
		933483472801E12C00EA2722 /* kittengachaTests */ = {
			isa = PBXNativeTarget;
			buildConfigurationList = 9334835F2801E12C00EA2722 /* Build configuration list for PBXNativeTarget "kittengachaTests" */;
			buildPhases = (
				933483442801E12C00EA2722 /* Sources */,
				933483452801E12C00EA2722 /* Frameworks */,
				933483462801E12C00EA2722 /* Resources */,
			);
			buildRules = (
			);
			dependencies = (
				9334834A2801E12C00EA2722 /* PBXTargetDependency */,
			);
			name = kittengachaTests;
			productName = kittengachaTests;
			productReference = 933483482801E12C00EA2722 /* kittengachaTests.xctest */;
			productType = "com.apple.product-type.bundle.unit-test";
		};
		933483512801E12C00EA2722 /* kittengachaUITests */ = {
			isa = PBXNativeTarget;
			buildConfigurationList = 933483622801E12C00EA2722 /* Build configuration list for PBXNativeTarget "kittengachaUITests" */;
			buildPhases = (
				9334834E2801E12C00EA2722 /* Sources */,
				9334834F2801E12C00EA2722 /* Frameworks */,
				933483502801E12C00EA2722 /* Resources */,
			);
			buildRules = (
			);
			dependencies = (
				933483542801E12C00EA2722 /* PBXTargetDependency */,
			);
			name = kittengachaUITests;
			productName = kittengachaUITests;
			productReference = 933483522801E12C00EA2722 /* kittengachaUITests.xctest */;
			productType = "com.apple.product-type.bundle.ui-testing";
		};
/* End PBXNativeTarget section */

/* Begin PBXProject section */
		933483302801E12900EA2722 /* Project object */ = {
			isa = PBXProject;
			attributes = {
				BuildIndependentTargetsInParallel = 1;
				LastSwiftUpdateCheck = 1330;
				LastUpgradeCheck = 1330;
				TargetAttributes = {
					933483372801E12900EA2722 = {
						CreatedOnToolsVersion = 13.3;
					};
					933483472801E12C00EA2722 = {
						CreatedOnToolsVersion = 13.3;
						TestTargetID = 933483372801E12900EA2722;
					};
					933483512801E12C00EA2722 = {
						CreatedOnToolsVersion = 13.3;
						TestTargetID = 933483372801E12900EA2722;
					};
				};
			};
			buildConfigurationList = 933483332801E12900EA2722 /* Build configuration list for PBXProject "kittengacha" */;
			compatibilityVersion = "Xcode 13.0";
			developmentRegion = en;
			hasScannedForEncodings = 0;
			knownRegions = (
				en,
				Base,
			);
			mainGroup = 9334832F2801E12900EA2722;
			productRefGroup = 933483392801E12900EA2722 /* Products */;
			projectDirPath = "";
			projectRoot = "";
			targets = (
				933483372801E12900EA2722 /* kittengacha */,
				933483472801E12C00EA2722 /* kittengachaTests */,
				933483512801E12C00EA2722 /* kittengachaUITests */,
			);
		};
/* End PBXProject section */

/* Begin PBXResourcesBuildPhase section */
		933483362801E12900EA2722 /* Resources */ = {
			isa = PBXResourcesBuildPhase;
			buildActionMask = 2147483647;
			files = (
				933483432801E12B00EA2722 /* Preview Assets.xcassets in Resources */,
				933483402801E12B00EA2722 /* Assets.xcassets in Resources */,
			);
			runOnlyForDeploymentPostprocessing = 0;
		};
		933483462801E12C00EA2722 /* Resources */ = {
			isa = PBXResourcesBuildPhase;
			buildActionMask = 2147483647;
			files = (
			);
			runOnlyForDeploymentPostprocessing = 0;
		};
		933483502801E12C00EA2722 /* Resources */ = {
			isa = PBXResourcesBuildPhase;
			buildActionMask = 2147483647;
			files = (
			);
			runOnlyForDeploymentPostprocessing = 0;
		};
/* End PBXResourcesBuildPhase section */

/* Begin PBXSourcesBuildPhase section */
		933483342801E12900EA2722 /* Sources */ = {
			isa = PBXSourcesBuildPhase;
			buildActionMask = 2147483647;
			files = (
				C0ABE50D2802189700DFC35F /* Cats.swift in Sources */,
				9334833E2801E12900EA2722 /* ContentView.swift in Sources */,
				9334833C2801E12900EA2722 /* kittengachaApp.swift in Sources */,
				9334836D280206C800EA2722 /* LocationManager.swift in Sources */,
			);
			runOnlyForDeploymentPostprocessing = 0;
		};
		933483442801E12C00EA2722 /* Sources */ = {
			isa = PBXSourcesBuildPhase;
			buildActionMask = 2147483647;
			files = (
				9334834D2801E12C00EA2722 /* kittengachaTests.swift in Sources */,
			);
			runOnlyForDeploymentPostprocessing = 0;
		};
		9334834E2801E12C00EA2722 /* Sources */ = {
			isa = PBXSourcesBuildPhase;
			buildActionMask = 2147483647;
			files = (
				933483592801E12C00EA2722 /* kittengachaUITestsLaunchTests.swift in Sources */,
				933483572801E12C00EA2722 /* kittengachaUITests.swift in Sources */,
			);
			runOnlyForDeploymentPostprocessing = 0;
		};
/* End PBXSourcesBuildPhase section */

/* Begin PBXTargetDependency section */
		9334834A2801E12C00EA2722 /* PBXTargetDependency */ = {
			isa = PBXTargetDependency;
			target = 933483372801E12900EA2722 /* kittengacha */;
			targetProxy = 933483492801E12C00EA2722 /* PBXContainerItemProxy */;
		};
		933483542801E12C00EA2722 /* PBXTargetDependency */ = {
			isa = PBXTargetDependency;
			target = 933483372801E12900EA2722 /* kittengacha */;
			targetProxy = 933483532801E12C00EA2722 /* PBXContainerItemProxy */;
		};
/* End PBXTargetDependency section */

/* Begin XCBuildConfiguration section */
		9334835A2801E12C00EA2722 /* Debug */ = {
			isa = XCBuildConfiguration;
			buildSettings = {
				ALWAYS_SEARCH_USER_PATHS = NO;
				CLANG_ANALYZER_NONNULL = YES;
				CLANG_ANALYZER_NUMBER_OBJECT_CONVERSION = YES_AGGRESSIVE;
				CLANG_CXX_LANGUAGE_STANDARD = "gnu++17";
				CLANG_ENABLE_MODULES = YES;
				CLANG_ENABLE_OBJC_ARC = YES;
				CLANG_ENABLE_OBJC_WEAK = YES;
				CLANG_WARN_BLOCK_CAPTURE_AUTORELEASING = YES;
				CLANG_WARN_BOOL_CONVERSION = YES;
				CLANG_WARN_COMMA = YES;
				CLANG_WARN_CONSTANT_CONVERSION = YES;
				CLANG_WARN_DEPRECATED_OBJC_IMPLEMENTATIONS = YES;
				CLANG_WARN_DIRECT_OBJC_ISA_USAGE = YES_ERROR;
				CLANG_WARN_DOCUMENTATION_COMMENTS = YES;
				CLANG_WARN_EMPTY_BODY = YES;
				CLANG_WARN_ENUM_CONVERSION = YES;
				CLANG_WARN_INFINITE_RECURSION = YES;
				CLANG_WARN_INT_CONVERSION = YES;
				CLANG_WARN_NON_LITERAL_NULL_CONVERSION = YES;
				CLANG_WARN_OBJC_IMPLICIT_RETAIN_SELF = YES;
				CLANG_WARN_OBJC_LITERAL_CONVERSION = YES;
				CLANG_WARN_OBJC_ROOT_CLASS = YES_ERROR;
				CLANG_WARN_QUOTED_INCLUDE_IN_FRAMEWORK_HEADER = YES;
				CLANG_WARN_RANGE_LOOP_ANALYSIS = YES;
				CLANG_WARN_STRICT_PROTOTYPES = YES;
				CLANG_WARN_SUSPICIOUS_MOVE = YES;
				CLANG_WARN_UNGUARDED_AVAILABILITY = YES_AGGRESSIVE;
				CLANG_WARN_UNREACHABLE_CODE = YES;
				CLANG_WARN__DUPLICATE_METHOD_MATCH = YES;
				COPY_PHASE_STRIP = NO;
				DEBUG_INFORMATION_FORMAT = dwarf;
				ENABLE_STRICT_OBJC_MSGSEND = YES;
				ENABLE_TESTABILITY = YES;
				GCC_C_LANGUAGE_STANDARD = gnu11;
				GCC_DYNAMIC_NO_PIC = NO;
				GCC_NO_COMMON_BLOCKS = YES;
				GCC_OPTIMIZATION_LEVEL = 0;
				GCC_PREPROCESSOR_DEFINITIONS = (
					"DEBUG=1",
					"$(inherited)",
				);
				GCC_WARN_64_TO_32_BIT_CONVERSION = YES;
				GCC_WARN_ABOUT_RETURN_TYPE = YES_ERROR;
				GCC_WARN_UNDECLARED_SELECTOR = YES;
				GCC_WARN_UNINITIALIZED_AUTOS = YES_AGGRESSIVE;
				GCC_WARN_UNUSED_FUNCTION = YES;
				GCC_WARN_UNUSED_VARIABLE = YES;
				IPHONEOS_DEPLOYMENT_TARGET = 15.4;
				MTL_ENABLE_DEBUG_INFO = INCLUDE_SOURCE;
				MTL_FAST_MATH = YES;
				ONLY_ACTIVE_ARCH = YES;
				SDKROOT = iphoneos;
				SWIFT_ACTIVE_COMPILATION_CONDITIONS = DEBUG;
				SWIFT_OPTIMIZATION_LEVEL = "-Onone";
			};
			name = Debug;
		};
		9334835B2801E12C00EA2722 /* Release */ = {
			isa = XCBuildConfiguration;
			buildSettings = {
				ALWAYS_SEARCH_USER_PATHS = NO;
				CLANG_ANALYZER_NONNULL = YES;
				CLANG_ANALYZER_NUMBER_OBJECT_CONVERSION = YES_AGGRESSIVE;
				CLANG_CXX_LANGUAGE_STANDARD = "gnu++17";
				CLANG_ENABLE_MODULES = YES;
				CLANG_ENABLE_OBJC_ARC = YES;
				CLANG_ENABLE_OBJC_WEAK = YES;
				CLANG_WARN_BLOCK_CAPTURE_AUTORELEASING = YES;
				CLANG_WARN_BOOL_CONVERSION = YES;
				CLANG_WARN_COMMA = YES;
				CLANG_WARN_CONSTANT_CONVERSION = YES;
				CLANG_WARN_DEPRECATED_OBJC_IMPLEMENTATIONS = YES;
				CLANG_WARN_DIRECT_OBJC_ISA_USAGE = YES_ERROR;
				CLANG_WARN_DOCUMENTATION_COMMENTS = YES;
				CLANG_WARN_EMPTY_BODY = YES;
				CLANG_WARN_ENUM_CONVERSION = YES;
				CLANG_WARN_INFINITE_RECURSION = YES;
				CLANG_WARN_INT_CONVERSION = YES;
				CLANG_WARN_NON_LITERAL_NULL_CONVERSION = YES;
				CLANG_WARN_OBJC_IMPLICIT_RETAIN_SELF = YES;
				CLANG_WARN_OBJC_LITERAL_CONVERSION = YES;
				CLANG_WARN_OBJC_ROOT_CLASS = YES_ERROR;
				CLANG_WARN_QUOTED_INCLUDE_IN_FRAMEWORK_HEADER = YES;
				CLANG_WARN_RANGE_LOOP_ANALYSIS = YES;
				CLANG_WARN_STRICT_PROTOTYPES = YES;
				CLANG_WARN_SUSPICIOUS_MOVE = YES;
				CLANG_WARN_UNGUARDED_AVAILABILITY = YES_AGGRESSIVE;
				CLANG_WARN_UNREACHABLE_CODE = YES;
				CLANG_WARN__DUPLICATE_METHOD_MATCH = YES;
				COPY_PHASE_STRIP = NO;
				DEBUG_INFORMATION_FORMAT = "dwarf-with-dsym";
				ENABLE_NS_ASSERTIONS = NO;
				ENABLE_STRICT_OBJC_MSGSEND = YES;
				GCC_C_LANGUAGE_STANDARD = gnu11;
				GCC_NO_COMMON_BLOCKS = YES;
				GCC_WARN_64_TO_32_BIT_CONVERSION = YES;
				GCC_WARN_ABOUT_RETURN_TYPE = YES_ERROR;
				GCC_WARN_UNDECLARED_SELECTOR = YES;
				GCC_WARN_UNINITIALIZED_AUTOS = YES_AGGRESSIVE;
				GCC_WARN_UNUSED_FUNCTION = YES;
				GCC_WARN_UNUSED_VARIABLE = YES;
				IPHONEOS_DEPLOYMENT_TARGET = 15.4;
				MTL_ENABLE_DEBUG_INFO = NO;
				MTL_FAST_MATH = YES;
				SDKROOT = iphoneos;
				SWIFT_COMPILATION_MODE = wholemodule;
				SWIFT_OPTIMIZATION_LEVEL = "-O";
				VALIDATE_PRODUCT = YES;
			};
			name = Release;
		};
		9334835D2801E12C00EA2722 /* Debug */ = {
			isa = XCBuildConfiguration;
			buildSettings = {
				ASSETCATALOG_COMPILER_APPICON_NAME = AppIcon;
				ASSETCATALOG_COMPILER_GLOBAL_ACCENT_COLOR_NAME = AccentColor;
				CODE_SIGN_STYLE = Automatic;
				CURRENT_PROJECT_VERSION = 1;
				DEVELOPMENT_ASSET_PATHS = "\"kittengacha/Preview Content\"";
				DEVELOPMENT_TEAM = SSWPD3GCN6;
				ENABLE_PREVIEWS = YES;
				GENERATE_INFOPLIST_FILE = YES;
				INFOPLIST_KEY_LSApplicationCategoryType = "";
				INFOPLIST_KEY_NSLocationWhenInUseUsageDescription = "This app needs location.";
				INFOPLIST_KEY_UIApplicationSceneManifest_Generation = YES;
				INFOPLIST_KEY_UIApplicationSupportsIndirectInputEvents = YES;
				INFOPLIST_KEY_UILaunchScreen_Generation = YES;
				INFOPLIST_KEY_UISupportedInterfaceOrientations_iPad = "UIInterfaceOrientationPortrait UIInterfaceOrientationPortraitUpsideDown UIInterfaceOrientationLandscapeLeft UIInterfaceOrientationLandscapeRight";
				INFOPLIST_KEY_UISupportedInterfaceOrientations_iPhone = "UIInterfaceOrientationPortrait UIInterfaceOrientationLandscapeLeft UIInterfaceOrientationLandscapeRight";
				LD_RUNPATH_SEARCH_PATHS = (
					"$(inherited)",
					"@executable_path/Frameworks",
				);
				MARKETING_VERSION = 1.0;
				PRODUCT_BUNDLE_IDENTIFIER = jonathanpang.kittengacha;
				PRODUCT_NAME = "$(TARGET_NAME)";
				SWIFT_EMIT_LOC_STRINGS = YES;
				SWIFT_VERSION = 5.0;
				TARGETED_DEVICE_FAMILY = "1,2";
			};
			name = Debug;
		};
		9334835E2801E12C00EA2722 /* Release */ = {
			isa = XCBuildConfiguration;
			buildSettings = {
				ASSETCATALOG_COMPILER_APPICON_NAME = AppIcon;
				ASSETCATALOG_COMPILER_GLOBAL_ACCENT_COLOR_NAME = AccentColor;
				CODE_SIGN_STYLE = Automatic;
				CURRENT_PROJECT_VERSION = 1;
				DEVELOPMENT_ASSET_PATHS = "\"kittengacha/Preview Content\"";
				DEVELOPMENT_TEAM = SSWPD3GCN6;
				ENABLE_PREVIEWS = YES;
				GENERATE_INFOPLIST_FILE = YES;
				INFOPLIST_KEY_LSApplicationCategoryType = "";
				INFOPLIST_KEY_NSLocationWhenInUseUsageDescription = "This app needs location.";
				INFOPLIST_KEY_UIApplicationSceneManifest_Generation = YES;
				INFOPLIST_KEY_UIApplicationSupportsIndirectInputEvents = YES;
				INFOPLIST_KEY_UILaunchScreen_Generation = YES;
				INFOPLIST_KEY_UISupportedInterfaceOrientations_iPad = "UIInterfaceOrientationPortrait UIInterfaceOrientationPortraitUpsideDown UIInterfaceOrientationLandscapeLeft UIInterfaceOrientationLandscapeRight";
				INFOPLIST_KEY_UISupportedInterfaceOrientations_iPhone = "UIInterfaceOrientationPortrait UIInterfaceOrientationLandscapeLeft UIInterfaceOrientationLandscapeRight";
				LD_RUNPATH_SEARCH_PATHS = (
					"$(inherited)",
					"@executable_path/Frameworks",
				);
				MARKETING_VERSION = 1.0;
				PRODUCT_BUNDLE_IDENTIFIER = jonathanpang.kittengacha;
				PRODUCT_NAME = "$(TARGET_NAME)";
				SWIFT_EMIT_LOC_STRINGS = YES;
				SWIFT_VERSION = 5.0;
				TARGETED_DEVICE_FAMILY = "1,2";
			};
			name = Release;
		};
		933483602801E12C00EA2722 /* Debug */ = {
			isa = XCBuildConfiguration;
			buildSettings = {
				ALWAYS_EMBED_SWIFT_STANDARD_LIBRARIES = YES;
				BUNDLE_LOADER = "$(TEST_HOST)";
				CODE_SIGN_STYLE = Automatic;
				CURRENT_PROJECT_VERSION = 1;
				GENERATE_INFOPLIST_FILE = YES;
				IPHONEOS_DEPLOYMENT_TARGET = 15.4;
				MARKETING_VERSION = 1.0;
				PRODUCT_BUNDLE_IDENTIFIER = jonathanpang.kittengachaTests;
				PRODUCT_NAME = "$(TARGET_NAME)";
				SWIFT_EMIT_LOC_STRINGS = NO;
				SWIFT_VERSION = 5.0;
				TARGETED_DEVICE_FAMILY = "1,2";
				TEST_HOST = "$(BUILT_PRODUCTS_DIR)/kittengacha.app/kittengacha";
			};
			name = Debug;
		};
		933483612801E12C00EA2722 /* Release */ = {
			isa = XCBuildConfiguration;
			buildSettings = {
				ALWAYS_EMBED_SWIFT_STANDARD_LIBRARIES = YES;
				BUNDLE_LOADER = "$(TEST_HOST)";
				CODE_SIGN_STYLE = Automatic;
				CURRENT_PROJECT_VERSION = 1;
				GENERATE_INFOPLIST_FILE = YES;
				IPHONEOS_DEPLOYMENT_TARGET = 15.4;
				MARKETING_VERSION = 1.0;
				PRODUCT_BUNDLE_IDENTIFIER = jonathanpang.kittengachaTests;
				PRODUCT_NAME = "$(TARGET_NAME)";
				SWIFT_EMIT_LOC_STRINGS = NO;
				SWIFT_VERSION = 5.0;
				TARGETED_DEVICE_FAMILY = "1,2";
				TEST_HOST = "$(BUILT_PRODUCTS_DIR)/kittengacha.app/kittengacha";
			};
			name = Release;
		};
		933483632801E12C00EA2722 /* Debug */ = {
			isa = XCBuildConfiguration;
			buildSettings = {
				ALWAYS_EMBED_SWIFT_STANDARD_LIBRARIES = YES;
				CODE_SIGN_STYLE = Automatic;
				CURRENT_PROJECT_VERSION = 1;
				GENERATE_INFOPLIST_FILE = YES;
				MARKETING_VERSION = 1.0;
				PRODUCT_BUNDLE_IDENTIFIER = jonathanpang.kittengachaUITests;
				PRODUCT_NAME = "$(TARGET_NAME)";
				SWIFT_EMIT_LOC_STRINGS = NO;
				SWIFT_VERSION = 5.0;
				TARGETED_DEVICE_FAMILY = "1,2";
				TEST_TARGET_NAME = kittengacha;
			};
			name = Debug;
		};
		933483642801E12C00EA2722 /* Release */ = {
			isa = XCBuildConfiguration;
			buildSettings = {
				ALWAYS_EMBED_SWIFT_STANDARD_LIBRARIES = YES;
				CODE_SIGN_STYLE = Automatic;
				CURRENT_PROJECT_VERSION = 1;
				GENERATE_INFOPLIST_FILE = YES;
				MARKETING_VERSION = 1.0;
				PRODUCT_BUNDLE_IDENTIFIER = jonathanpang.kittengachaUITests;
				PRODUCT_NAME = "$(TARGET_NAME)";
				SWIFT_EMIT_LOC_STRINGS = NO;
				SWIFT_VERSION = 5.0;
				TARGETED_DEVICE_FAMILY = "1,2";
				TEST_TARGET_NAME = kittengacha;
			};
			name = Release;
		};
/* End XCBuildConfiguration section */

/* Begin XCConfigurationList section */
		933483332801E12900EA2722 /* Build configuration list for PBXProject "kittengacha" */ = {
			isa = XCConfigurationList;
			buildConfigurations = (
				9334835A2801E12C00EA2722 /* Debug */,
				9334835B2801E12C00EA2722 /* Release */,
			);
			defaultConfigurationIsVisible = 0;
			defaultConfigurationName = Release;
		};
		9334835C2801E12C00EA2722 /* Build configuration list for PBXNativeTarget "kittengacha" */ = {
			isa = XCConfigurationList;
			buildConfigurations = (
				9334835D2801E12C00EA2722 /* Debug */,
				9334835E2801E12C00EA2722 /* Release */,
			);
			defaultConfigurationIsVisible = 0;
			defaultConfigurationName = Release;
		};
		9334835F2801E12C00EA2722 /* Build configuration list for PBXNativeTarget "kittengachaTests" */ = {
			isa = XCConfigurationList;
			buildConfigurations = (
				933483602801E12C00EA2722 /* Debug */,
				933483612801E12C00EA2722 /* Release */,
			);
			defaultConfigurationIsVisible = 0;
			defaultConfigurationName = Release;
		};
		933483622801E12C00EA2722 /* Build configuration list for PBXNativeTarget "kittengachaUITests" */ = {
			isa = XCConfigurationList;
			buildConfigurations = (
				933483632801E12C00EA2722 /* Debug */,
				933483642801E12C00EA2722 /* Release */,
			);
			defaultConfigurationIsVisible = 0;
			defaultConfigurationName = Release;
		};
/* End XCConfigurationList section */
	};
	rootObject = 933483302801E12900EA2722 /* Project object */;
}
